
Microsoft Visual Studio Solution File, Format Version 12.00
# Visual Studio Version 16
VisualStudioVersion = 16.0.30413.136
MinimumVisualStudioVersion = 10.0.40219.1
Project("{9A19103F-16F7-4668-BE54-9A1E7A4F7556}") = "TableLog.Business", "TableLog.Business\TableLog.Business.csproj", "{19BFE933-344E-4F65-BEE2-77A5E56ED1AB}"
EndProject
Project("{9A19103F-16F7-4668-BE54-9A1E7A4F7556}") = "TableLog.Test", "TableLog.Test\TableLog.Test.csproj", "{42A37E58-AC66-4274-B74D-9097862878DD}"
EndProject
Project("{FAE04EC0-301F-11D3-BF4B-00C04F79EFBC}") = "FileManagerCore", "FileManagerCore\FileManagerCore.csproj", "{864F2563-78C3-45B2-A493-A4B0AF9C520F}"
EndProject
Global
	GlobalSection(SolutionConfigurationPlatforms) = preSolution
		Debug|Any CPU = Debug|Any CPU
		Release|Any CPU = Release|Any CPU
	EndGlobalSection
	GlobalSection(ProjectConfigurationPlatforms) = postSolution
		{19BFE933-344E-4F65-BEE2-77A5E56ED1AB}.Debug|Any CPU.ActiveCfg = Debug|Any CPU
		{19BFE933-344E-4F65-BEE2-77A5E56ED1AB}.Debug|Any CPU.Build.0 = Debug|Any CPU
		{19BFE933-344E-4F65-BEE2-77A5E56ED1AB}.Release|Any CPU.ActiveCfg = Release|Any CPU
		{19BFE933-344E-4F65-BEE2-77A5E56ED1AB}.Release|Any CPU.Build.0 = Release|Any CPU
		{42A37E58-AC66-4274-B74D-9097862878DD}.Debug|Any CPU.ActiveCfg = Debug|Any CPU
		{42A37E58-AC66-4274-B74D-9097862878DD}.Debug|Any CPU.Build.0 = Debug|Any CPU
		{42A37E58-AC66-4274-B74D-9097862878DD}.Release|Any CPU.ActiveCfg = Release|Any CPU
		{42A37E58-AC66-4274-B74D-9097862878DD}.Release|Any CPU.Build.0 = Release|Any CPU
		{864F2563-78C3-45B2-A493-A4B0AF9C520F}.Debug|Any CPU.ActiveCfg = Debug|Any CPU
		{864F2563-78C3-45B2-A493-A4B0AF9C520F}.Debug|Any CPU.Build.0 = Debug|Any CPU
		{864F2563-78C3-45B2-A493-A4B0AF9C520F}.Release|Any CPU.ActiveCfg = Release|Any CPU
		{864F2563-78C3-45B2-A493-A4B0AF9C520F}.Release|Any CPU.Build.0 = Release|Any CPU
	EndGlobalSection
	GlobalSection(SolutionProperties) = preSolution
		HideSolutionNode = FALSE
	EndGlobalSection
	GlobalSection(ExtensibilityGlobals) = postSolution
		SolutionGuid = {0B0EA27B-11D1-4368-8BDC-76E806535ECE}
	EndGlobalSection
EndGlobal
